
Microsoft Visual Studio Solution File, Format Version 12.00
# Visual Studio 15
Project("{FAE04EC0-301F-11D3-BF4B-00C04F79EFBC}") = "Assembly-CSharp", "Assembly-CSharp.csproj", "{7900D133-9C16-194D-8E76-757F2267157B}"
EndProject
Project("{FAE04EC0-301F-11D3-BF4B-00C04F79EFBC}") = "Assembly-CSharp-Editor", "Assembly-CSharp-Editor.csproj", "{97698E9F-59D8-401B-B84D-8CF25F73D359}"
EndProject
Global
	GlobalSection(SolutionConfigurationPlatforms) = preSolution
		Debug|Any CPU = Debug|Any CPU
		Release|Any CPU = Release|Any CPU
	EndGlobalSection
	GlobalSection(ProjectConfigurationPlatforms) = postSolution
		{7900D133-9C16-194D-8E76-757F2267157B}.Debug|Any CPU.ActiveCfg = Debug|Any CPU
		{7900D133-9C16-194D-8E76-757F2267157B}.Debug|Any CPU.Build.0 = Debug|Any CPU
		{7900D133-9C16-194D-8E76-757F2267157B}.Release|Any CPU.ActiveCfg = Release|Any CPU
		{7900D133-9C16-194D-8E76-757F2267157B}.Release|Any CPU.Build.0 = Release|Any CPU
		{97698E9F-59D8-401B-B84D-8CF25F73D359}.Debug|Any CPU.ActiveCfg = Debug|Any CPU
		{97698E9F-59D8-401B-B84D-8CF25F73D359}.Debug|Any CPU.Build.0 = Debug|Any CPU
		{97698E9F-59D8-401B-B84D-8CF25F73D359}.Release|Any CPU.ActiveCfg = Release|Any CPU
		{97698E9F-59D8-401B-B84D-8CF25F73D359}.Release|Any CPU.Build.0 = Release|Any CPU
	EndGlobalSection
	GlobalSection(SolutionProperties) = preSolution
		HideSolutionNode = FALSE
	EndGlobalSection
EndGlobal
